
Microsoft Visual Studio Solution File, Format Version 12.00
# Visual Studio Version 16
VisualStudioVersion = 16.0.31410.357
MinimumVisualStudioVersion = 10.0.40219.1
Project("{2150E333-8FDC-42A3-9474-1A3956D46DE8}") = "Services", "Services", "{52FC9B4C-CE1F-41F1-BF7A-AD120DA87D9F}"
EndProject
Project("{2150E333-8FDC-42A3-9474-1A3956D46DE8}") = "WebApps", "WebApps", "{F9DE5FA5-13F5-47FA-A124-D71C1ADFC276}"
EndProject
Project("{2150E333-8FDC-42A3-9474-1A3956D46DE8}") = "Cadastros", "Cadastros", "{689F5C3E-749F-4796-ABC0-9B569BA121C6}"
EndProject
Project("{2150E333-8FDC-42A3-9474-1A3956D46DE8}") = "Catálogo", "Catálogo", "{EF8B982D-2302-4ACE-9FCB-EF68C098A67D}"
EndProject
Project("{2150E333-8FDC-42A3-9474-1A3956D46DE8}") = "Core", "Core", "{58BB803D-A147-48CA-A861-DC8924239510}"
EndProject
Project("{2150E333-8FDC-42A3-9474-1A3956D46DE8}") = "Fiscal", "Fiscal", "{1D5018DC-715C-48C5-BC88-64603BD817AD}"
EndProject
Project("{2150E333-8FDC-42A3-9474-1A3956D46DE8}") = "Vendas", "Vendas", "{466F3AF2-F047-41A8-AE70-E76B0544435B}"
EndProject
Project("{2150E333-8FDC-42A3-9474-1A3956D46DE8}") = "Tests", "Tests", "{7592B9F8-8943-44F6-B745-6D13FBDBF021}"
EndProject
Project("{9A19103F-16F7-4668-BE54-9A1E7A4F7556}") = "eShop.Catalogo.Application", "src\eShop.Catalogo.Application\eShop.Catalogo.Application.csproj", "{CA89AA0D-783C-498D-984C-A10FA985F97D}"
EndProject
Project("{9A19103F-16F7-4668-BE54-9A1E7A4F7556}") = "eShop.Catalogo.Data", "src\eShop.Catalogo.Data\eShop.Catalogo.Data.csproj", "{82D9C9BB-4C9D-4125-B6C6-ED421D3436A9}"
EndProject
Project("{9A19103F-16F7-4668-BE54-9A1E7A4F7556}") = "eShop.Catalogo.Domain", "src\eShop.Catalogo.Domain\eShop.Catalogo.Domain.csproj", "{4A72535E-264E-4374-A141-89CE0503A081}"
EndProject
Project("{9A19103F-16F7-4668-BE54-9A1E7A4F7556}") = "eShop.Core", "src\eShop.Core\eShop.Core.csproj", "{5D2254AA-2D24-4351-A635-BDE263649ADE}"
EndProject
Project("{9A19103F-16F7-4668-BE54-9A1E7A4F7556}") = "eShop.Vendas.Domain", "src\eShop.Vendas.Domain\eShop.Vendas.Domain.csproj", "{DA748C23-A58A-438A-BF93-11C6A3A246AA}"
EndProject
Project("{9A19103F-16F7-4668-BE54-9A1E7A4F7556}") = "eShop.Vendas.Application", "src\eShop.Vendas.Application\eShop.Vendas.Application.csproj", "{4C5FE5FE-B590-48D7-A90B-70E71CE1A486}"
EndProject
Project("{9A19103F-16F7-4668-BE54-9A1E7A4F7556}") = "eShop.Vendas.Data", "src\eShop.Vendas.Data\eShop.Vendas.Data.csproj", "{164DA3B0-CCAF-4B93-BDE9-A6200D445904}"
EndProject
Project("{2150E333-8FDC-42A3-9474-1A3956D46DE8}") = "Pagamentos", "Pagamentos", "{B353B7E0-112B-4EAC-856B-CDF7F686D7FC}"
EndProject
Project("{9A19103F-16F7-4668-BE54-9A1E7A4F7556}") = "eShop.Pagamento.AntiCorruption", "src\eShop.Pagamento.AntiCorruption\eShop.Pagamento.AntiCorruption.csproj", "{6E6C9B91-D050-406D-A793-069947B9AB1B}"
EndProject
Project("{9A19103F-16F7-4668-BE54-9A1E7A4F7556}") = "eShop.Pagamento.Business", "src\eShop.Pagamento.Business\eShop.Pagamento.Business.csproj", "{DE4D798B-1B73-4544-ABDE-4F3ED7261D18}"
EndProject
Project("{9A19103F-16F7-4668-BE54-9A1E7A4F7556}") = "eShop.Pagamento.Data", "src\eShop.Pagamento.Data\eShop.Pagamento.Data.csproj", "{E3F269F3-1CF0-4CDA-A54E-E095BE5CA1F7}"
EndProject
Global
	GlobalSection(SolutionConfigurationPlatforms) = preSolution
		Debug|Any CPU = Debug|Any CPU
		Release|Any CPU = Release|Any CPU
	EndGlobalSection
	GlobalSection(ProjectConfigurationPlatforms) = postSolution
		{CA89AA0D-783C-498D-984C-A10FA985F97D}.Debug|Any CPU.ActiveCfg = Debug|Any CPU
		{CA89AA0D-783C-498D-984C-A10FA985F97D}.Debug|Any CPU.Build.0 = Debug|Any CPU
		{CA89AA0D-783C-498D-984C-A10FA985F97D}.Release|Any CPU.ActiveCfg = Release|Any CPU
		{CA89AA0D-783C-498D-984C-A10FA985F97D}.Release|Any CPU.Build.0 = Release|Any CPU
		{82D9C9BB-4C9D-4125-B6C6-ED421D3436A9}.Debug|Any CPU.ActiveCfg = Debug|Any CPU
		{82D9C9BB-4C9D-4125-B6C6-ED421D3436A9}.Debug|Any CPU.Build.0 = Debug|Any CPU
		{82D9C9BB-4C9D-4125-B6C6-ED421D3436A9}.Release|Any CPU.ActiveCfg = Release|Any CPU
		{82D9C9BB-4C9D-4125-B6C6-ED421D3436A9}.Release|Any CPU.Build.0 = Release|Any CPU
		{4A72535E-264E-4374-A141-89CE0503A081}.Debug|Any CPU.ActiveCfg = Debug|Any CPU
		{4A72535E-264E-4374-A141-89CE0503A081}.Debug|Any CPU.Build.0 = Debug|Any CPU
		{4A72535E-264E-4374-A141-89CE0503A081}.Release|Any CPU.ActiveCfg = Release|Any CPU
		{4A72535E-264E-4374-A141-89CE0503A081}.Release|Any CPU.Build.0 = Release|Any CPU
		{5D2254AA-2D24-4351-A635-BDE263649ADE}.Debug|Any CPU.ActiveCfg = Debug|Any CPU
		{5D2254AA-2D24-4351-A635-BDE263649ADE}.Debug|Any CPU.Build.0 = Debug|Any CPU
		{5D2254AA-2D24-4351-A635-BDE263649ADE}.Release|Any CPU.ActiveCfg = Release|Any CPU
		{5D2254AA-2D24-4351-A635-BDE263649ADE}.Release|Any CPU.Build.0 = Release|Any CPU
		{DA748C23-A58A-438A-BF93-11C6A3A246AA}.Debug|Any CPU.ActiveCfg = Debug|Any CPU
		{DA748C23-A58A-438A-BF93-11C6A3A246AA}.Debug|Any CPU.Build.0 = Debug|Any CPU
		{DA748C23-A58A-438A-BF93-11C6A3A246AA}.Release|Any CPU.ActiveCfg = Release|Any CPU
		{DA748C23-A58A-438A-BF93-11C6A3A246AA}.Release|Any CPU.Build.0 = Release|Any CPU
		{4C5FE5FE-B590-48D7-A90B-70E71CE1A486}.Debug|Any CPU.ActiveCfg = Debug|Any CPU
		{4C5FE5FE-B590-48D7-A90B-70E71CE1A486}.Debug|Any CPU.Build.0 = Debug|Any CPU
		{4C5FE5FE-B590-48D7-A90B-70E71CE1A486}.Release|Any CPU.ActiveCfg = Release|Any CPU
		{4C5FE5FE-B590-48D7-A90B-70E71CE1A486}.Release|Any CPU.Build.0 = Release|Any CPU
		{164DA3B0-CCAF-4B93-BDE9-A6200D445904}.Debug|Any CPU.ActiveCfg = Debug|Any CPU
		{164DA3B0-CCAF-4B93-BDE9-A6200D445904}.Debug|Any CPU.Build.0 = Debug|Any CPU
		{164DA3B0-CCAF-4B93-BDE9-A6200D445904}.Release|Any CPU.ActiveCfg = Release|Any CPU
		{164DA3B0-CCAF-4B93-BDE9-A6200D445904}.Release|Any CPU.Build.0 = Release|Any CPU
		{6E6C9B91-D050-406D-A793-069947B9AB1B}.Debug|Any CPU.ActiveCfg = Debug|Any CPU
		{6E6C9B91-D050-406D-A793-069947B9AB1B}.Debug|Any CPU.Build.0 = Debug|Any CPU
		{6E6C9B91-D050-406D-A793-069947B9AB1B}.Release|Any CPU.ActiveCfg = Release|Any CPU
		{6E6C9B91-D050-406D-A793-069947B9AB1B}.Release|Any CPU.Build.0 = Release|Any CPU
		{DE4D798B-1B73-4544-ABDE-4F3ED7261D18}.Debug|Any CPU.ActiveCfg = Debug|Any CPU
		{DE4D798B-1B73-4544-ABDE-4F3ED7261D18}.Debug|Any CPU.Build.0 = Debug|Any CPU
		{DE4D798B-1B73-4544-ABDE-4F3ED7261D18}.Release|Any CPU.ActiveCfg = Release|Any CPU
		{DE4D798B-1B73-4544-ABDE-4F3ED7261D18}.Release|Any CPU.Build.0 = Release|Any CPU
		{E3F269F3-1CF0-4CDA-A54E-E095BE5CA1F7}.Debug|Any CPU.ActiveCfg = Debug|Any CPU
		{E3F269F3-1CF0-4CDA-A54E-E095BE5CA1F7}.Debug|Any CPU.Build.0 = Debug|Any CPU
		{E3F269F3-1CF0-4CDA-A54E-E095BE5CA1F7}.Release|Any CPU.ActiveCfg = Release|Any CPU
		{E3F269F3-1CF0-4CDA-A54E-E095BE5CA1F7}.Release|Any CPU.Build.0 = Release|Any CPU
	EndGlobalSection
	GlobalSection(SolutionProperties) = preSolution
		HideSolutionNode = FALSE
	EndGlobalSection
	GlobalSection(NestedProjects) = preSolution
		{689F5C3E-749F-4796-ABC0-9B569BA121C6} = {52FC9B4C-CE1F-41F1-BF7A-AD120DA87D9F}
		{EF8B982D-2302-4ACE-9FCB-EF68C098A67D} = {52FC9B4C-CE1F-41F1-BF7A-AD120DA87D9F}
		{58BB803D-A147-48CA-A861-DC8924239510} = {52FC9B4C-CE1F-41F1-BF7A-AD120DA87D9F}
		{1D5018DC-715C-48C5-BC88-64603BD817AD} = {52FC9B4C-CE1F-41F1-BF7A-AD120DA87D9F}
		{466F3AF2-F047-41A8-AE70-E76B0544435B} = {52FC9B4C-CE1F-41F1-BF7A-AD120DA87D9F}
		{7592B9F8-8943-44F6-B745-6D13FBDBF021} = {EF8B982D-2302-4ACE-9FCB-EF68C098A67D}
		{CA89AA0D-783C-498D-984C-A10FA985F97D} = {EF8B982D-2302-4ACE-9FCB-EF68C098A67D}
		{82D9C9BB-4C9D-4125-B6C6-ED421D3436A9} = {EF8B982D-2302-4ACE-9FCB-EF68C098A67D}
		{4A72535E-264E-4374-A141-89CE0503A081} = {EF8B982D-2302-4ACE-9FCB-EF68C098A67D}
		{5D2254AA-2D24-4351-A635-BDE263649ADE} = {58BB803D-A147-48CA-A861-DC8924239510}
		{DA748C23-A58A-438A-BF93-11C6A3A246AA} = {466F3AF2-F047-41A8-AE70-E76B0544435B}
		{4C5FE5FE-B590-48D7-A90B-70E71CE1A486} = {466F3AF2-F047-41A8-AE70-E76B0544435B}
		{164DA3B0-CCAF-4B93-BDE9-A6200D445904} = {466F3AF2-F047-41A8-AE70-E76B0544435B}
		{B353B7E0-112B-4EAC-856B-CDF7F686D7FC} = {52FC9B4C-CE1F-41F1-BF7A-AD120DA87D9F}
		{6E6C9B91-D050-406D-A793-069947B9AB1B} = {B353B7E0-112B-4EAC-856B-CDF7F686D7FC}
		{DE4D798B-1B73-4544-ABDE-4F3ED7261D18} = {B353B7E0-112B-4EAC-856B-CDF7F686D7FC}
		{E3F269F3-1CF0-4CDA-A54E-E095BE5CA1F7} = {B353B7E0-112B-4EAC-856B-CDF7F686D7FC}
	EndGlobalSection
	GlobalSection(ExtensibilityGlobals) = postSolution
		SolutionGuid = {AC26A3A3-1530-4F2E-BFEB-561EFEACC9E8}
	EndGlobalSection
EndGlobal
